
Microsoft Visual Studio Solution File, Format Version 12.00
# Visual Studio Version 17
VisualStudioVersion = 17.7.34221.43
MinimumVisualStudioVersion = 10.0.40219.1
Project("{9A19103F-16F7-4668-BE54-9A1E7A4F7556}") = "DDB.Banking.UI", "DDB.Banking.UI\DDB.Banking.UI.csproj", "{8DC09E51-A529-4790-BB5F-59862592B96A}"
EndProject
Project("{9A19103F-16F7-4668-BE54-9A1E7A4F7556}") = "DDB.Banking.BL", "DDB.Banking.BL\DDB.Banking.BL.csproj", "{51136DCB-C77D-4B68-B903-5CA1928375DB}"
EndProject
Project("{9A19103F-16F7-4668-BE54-9A1E7A4F7556}") = "DDB.Banking.BL.Models", "DDB.Banking.BL.Models\DDB.Banking.BL.Models.csproj", "{DF17BA23-AC06-4C35-8FA9-CC0EA989A056}"
EndProject
Project("{9A19103F-16F7-4668-BE54-9A1E7A4F7556}") = "DDB.Banking.BL.Test", "DDB.Banking.BL.Test\DDB.Banking.BL.Test.csproj", "{3D03F2AB-1026-4401-8EE8-406533D1FF1E}"
EndProject
Project("{9A19103F-16F7-4668-BE54-9A1E7A4F7556}") = "DDB.Utility.PL", "DDB.Utility.PL\DDB.Utility.PL.csproj", "{3C0F2B12-2F16-412F-88E4-73BB701A9AE6}"
EndProject
Project("{9A19103F-16F7-4668-BE54-9A1E7A4F7556}") = "DDB.Banking.PL.Test", "DDB.Banking.PL.Test\DDB.Banking.PL.Test.csproj", "{1D29409E-3AF4-4441-8EAF-C2A291CFC7F6}"
EndProject
Project("{00D1A9C2-B5F0-4AF3-8072-F6C62B433612}") = "DDB.Banking.DB", "DDB.Banking.DB\DDB.Banking.DB.sqlproj", "{3CBD16A1-16B0-4D1A-93C7-CF19ABD6BEE6}"
EndProject
Global
	GlobalSection(SolutionConfigurationPlatforms) = preSolution
		Debug|Any CPU = Debug|Any CPU
		Release|Any CPU = Release|Any CPU
	EndGlobalSection
	GlobalSection(ProjectConfigurationPlatforms) = postSolution
		{8DC09E51-A529-4790-BB5F-59862592B96A}.Debug|Any CPU.ActiveCfg = Debug|Any CPU
		{8DC09E51-A529-4790-BB5F-59862592B96A}.Debug|Any CPU.Build.0 = Debug|Any CPU
		{8DC09E51-A529-4790-BB5F-59862592B96A}.Release|Any CPU.ActiveCfg = Release|Any CPU
		{8DC09E51-A529-4790-BB5F-59862592B96A}.Release|Any CPU.Build.0 = Release|Any CPU
		{51136DCB-C77D-4B68-B903-5CA1928375DB}.Debug|Any CPU.ActiveCfg = Debug|Any CPU
		{51136DCB-C77D-4B68-B903-5CA1928375DB}.Debug|Any CPU.Build.0 = Debug|Any CPU
		{51136DCB-C77D-4B68-B903-5CA1928375DB}.Release|Any CPU.ActiveCfg = Release|Any CPU
		{51136DCB-C77D-4B68-B903-5CA1928375DB}.Release|Any CPU.Build.0 = Release|Any CPU
		{DF17BA23-AC06-4C35-8FA9-CC0EA989A056}.Debug|Any CPU.ActiveCfg = Debug|Any CPU
		{DF17BA23-AC06-4C35-8FA9-CC0EA989A056}.Debug|Any CPU.Build.0 = Debug|Any CPU
		{DF17BA23-AC06-4C35-8FA9-CC0EA989A056}.Release|Any CPU.ActiveCfg = Release|Any CPU
		{DF17BA23-AC06-4C35-8FA9-CC0EA989A056}.Release|Any CPU.Build.0 = Release|Any CPU
		{3D03F2AB-1026-4401-8EE8-406533D1FF1E}.Debug|Any CPU.ActiveCfg = Debug|Any CPU
		{3D03F2AB-1026-4401-8EE8-406533D1FF1E}.Debug|Any CPU.Build.0 = Debug|Any CPU
		{3D03F2AB-1026-4401-8EE8-406533D1FF1E}.Release|Any CPU.ActiveCfg = Release|Any CPU
		{3D03F2AB-1026-4401-8EE8-406533D1FF1E}.Release|Any CPU.Build.0 = Release|Any CPU
		{3C0F2B12-2F16-412F-88E4-73BB701A9AE6}.Debug|Any CPU.ActiveCfg = Debug|Any CPU
		{3C0F2B12-2F16-412F-88E4-73BB701A9AE6}.Debug|Any CPU.Build.0 = Debug|Any CPU
		{3C0F2B12-2F16-412F-88E4-73BB701A9AE6}.Release|Any CPU.ActiveCfg = Release|Any CPU
		{3C0F2B12-2F16-412F-88E4-73BB701A9AE6}.Release|Any CPU.Build.0 = Release|Any CPU
		{1D29409E-3AF4-4441-8EAF-C2A291CFC7F6}.Debug|Any CPU.ActiveCfg = Debug|Any CPU
		{1D29409E-3AF4-4441-8EAF-C2A291CFC7F6}.Debug|Any CPU.Build.0 = Debug|Any CPU
		{1D29409E-3AF4-4441-8EAF-C2A291CFC7F6}.Release|Any CPU.ActiveCfg = Release|Any CPU
		{1D29409E-3AF4-4441-8EAF-C2A291CFC7F6}.Release|Any CPU.Build.0 = Release|Any CPU
		{3CBD16A1-16B0-4D1A-93C7-CF19ABD6BEE6}.Debug|Any CPU.ActiveCfg = Debug|Any CPU
		{3CBD16A1-16B0-4D1A-93C7-CF19ABD6BEE6}.Debug|Any CPU.Build.0 = Debug|Any CPU
		{3CBD16A1-16B0-4D1A-93C7-CF19ABD6BEE6}.Debug|Any CPU.Deploy.0 = Debug|Any CPU
		{3CBD16A1-16B0-4D1A-93C7-CF19ABD6BEE6}.Release|Any CPU.ActiveCfg = Release|Any CPU
		{3CBD16A1-16B0-4D1A-93C7-CF19ABD6BEE6}.Release|Any CPU.Build.0 = Release|Any CPU
		{3CBD16A1-16B0-4D1A-93C7-CF19ABD6BEE6}.Release|Any CPU.Deploy.0 = Release|Any CPU
	EndGlobalSection
	GlobalSection(SolutionProperties) = preSolution
		HideSolutionNode = FALSE
	EndGlobalSection
	GlobalSection(ExtensibilityGlobals) = postSolution
		SolutionGuid = {B9711EEA-54B4-4A2F-887D-22FA163DB2CE}
	EndGlobalSection
EndGlobal
